
Microsoft Visual Studio Solution File, Format Version 12.00
# Visual Studio Version 17
VisualStudioVersion = 17.13.35828.75
MinimumVisualStudioVersion = 10.0.40219.1
Project("{FAE04EC0-301F-11D3-BF4B-00C04F79EFBC}") = "BTM.Duende.ASPIdentity", "BTM.Duende.ASPIdentity\BTM.Duende.ASPIdentity.csproj", "{FFFF1B25-C6C5-13FD-5B00-8E23661D287A}"
EndProject
Project("{E53339B2-1760-4266-BCC7-CA923CBCF16C}") = "docker-compose", "docker-compose.dcproj", "{81DDED9D-158B-E303-5F62-77A2896D2A5A}"
EndProject
Global
	GlobalSection(SolutionConfigurationPlatforms) = preSolution
		Debug|Any CPU = Debug|Any CPU
		Release|Any CPU = Release|Any CPU
	EndGlobalSection
	GlobalSection(ProjectConfigurationPlatforms) = postSolution
		{FFFF1B25-C6C5-13FD-5B00-8E23661D287A}.Debug|Any CPU.ActiveCfg = Debug|Any CPU
		{FFFF1B25-C6C5-13FD-5B00-8E23661D287A}.Debug|Any CPU.Build.0 = Debug|Any CPU
		{FFFF1B25-C6C5-13FD-5B00-8E23661D287A}.Release|Any CPU.ActiveCfg = Release|Any CPU
		{FFFF1B25-C6C5-13FD-5B00-8E23661D287A}.Release|Any CPU.Build.0 = Release|Any CPU
		{81DDED9D-158B-E303-5F62-77A2896D2A5A}.Debug|Any CPU.ActiveCfg = Debug|Any CPU
		{81DDED9D-158B-E303-5F62-77A2896D2A5A}.Debug|Any CPU.Build.0 = Debug|Any CPU
		{81DDED9D-158B-E303-5F62-77A2896D2A5A}.Release|Any CPU.ActiveCfg = Release|Any CPU
		{81DDED9D-158B-E303-5F62-77A2896D2A5A}.Release|Any CPU.Build.0 = Release|Any CPU
	EndGlobalSection
	GlobalSection(SolutionProperties) = preSolution
		HideSolutionNode = FALSE
	EndGlobalSection
	GlobalSection(ExtensibilityGlobals) = postSolution
		SolutionGuid = {11527AB9-FF5E-4FF8-85C4-94117D9F0B1E}
	EndGlobalSection
EndGlobal
